{
    "_meta": {
        "hash": {
            "sha256": "73e5e556db306c61b48bc97e47803576252ac34819762584542c484bec376f1d"
        },
        "pipfile-spec": 6,
        "requires": {},
        "sources": [
            {
                "name": "pypi",
                "url": "https://pypi.python.org/simple",
                "verify_ssl": true
            }
        ]
    },
    "default": {
        "arabic-reshaper": {
            "hashes": [
                "sha256:15078431d8f45eaca0a1710100aabc87abba13759c67eeb4538cca22fe167da1",
                "sha256:43f58136dbbfecab54ce0434e556c75689e46b0f11010578b893f72c504cd27b",
                "sha256:a236fc6e9dde2a61cc6a5ca962b522e42694e1bb2a2d86894ed7a4eba4ce1890"
            ],
            "version": "==2.1.3"
        },
        "argon2-cffi": {
            "hashes": [
                "sha256:05dd15949be3a7d9f65807fe58fad70526023a319747054bb89da209c4071a33",
                "sha256:07480018d77f4c7447924e6c44c5ba1789a918413fe3efaa391a097958bbd9f6",
                "sha256:10e702dbd98a2148d22de9524a605021bdc55d05304beb90ea801ba58c4a4f1e",
                "sha256:131effd5eabbe08649bc672b5d602fd6e2772b03cfec2ddb2795f9d9babe3fba",
                "sha256:3f3b48b4802e98bb9692d72108ecad2fecea969c254c17660b70ce5730bbe4a6",
                "sha256:4c510232a96e991079a743a9310d3c9a014856cdbca644fccc496db2a1ff0e17",
                "sha256:5f1099b0f5ee4a7148bbd323503983aa4387ab16769ff9b5c51d26f6b0f1719e",
                "sha256:67452b1f10e873ececcea657c25d063e4bb4007e115227a53157369de5848992",
                "sha256:77a3d50e6325df79499e1220b7c38adbd30588c2f6d7c2d764fddb2d3b02e650",
                "sha256:7e4b75611b73f53012117ad21cdde7a17b32d1e99ff6799f22d827eb83a2a59b",
                "sha256:7f4b6d7c38258e76c1db293a6cf55b7e31701927fc773c5108e57578c7f8e09a",
                "sha256:82db759b8a495aaed51aec4762b0f44e5e7ad80256e8baf512ae70cdb3b28c50",
                "sha256:92b3f8f93b19081d520d911f1ce5902693edeeab2181c08aa0bb4130adba51aa",
                "sha256:93f631fa567dbf948f26874476c9e9afb51e0a835372bf1a319df0c5aa071bfb",
                "sha256:9befaa6d9798d9771b8176174ba82160beaf1dcdbcc63cd2dc5212f723e5e2a3",
                "sha256:a14e6d99787a2972d3802615911770fcba9c904401fb0dfb60bdeb250b4c5110",
                "sha256:c60764fe7f62cc52a74f326e366c60f7aa33a1586c8d02107394a01ae9db6e91",
                "sha256:cba2c8c539bed691513ae1bcd5a7da632d2aa2410d8b8ebdf56026eac7e2193f",
                "sha256:d79c918cf8bf981cd23b43a1a547cd1eececb77f3607ba9fa7c0ec01bf1f05a5",
                "sha256:dc3028ec541146924e3c45973b458a7acf390b9e9ee0b64a13ac0853109a69bc",
                "sha256:eb3fcb55224a47b8d50830561977c64761eaad9e349af0b2241eab089af44a14",
                "sha256:f732ca584e81491cc11e3d12e18cbd8c63e137b3f461f378426a6fdaaef47fb0",
                "sha256:fcd5681388d1f18e4a7ee3ff7a9b68650bc04db044b5a0a832728cbce182806d"
            ],
            "index": "pypi",
            "version": "==18.1.0"
        },
        "bcrypt": {
            "hashes": [
                "sha256:01477981abf74e306e8ee31629a940a5e9138de000c6b0898f7f850461c4a0a5",
                "sha256:054d6e0acaea429e6da3613fcd12d05ee29a531794d96f6ab959f29a39f33391",
                "sha256:0872eeecdf9a429c1420158500eedb323a132bc5bf3339475151c52414729e70",
                "sha256:09a3b8c258b815eadb611bad04ca15ec77d86aa9ce56070e1af0d5932f17642a",
                "sha256:0f317e4ffbdd15c3c0f8ab5fbd86aa9aabc7bea18b5cc5951b456fe39e9f738c",
                "sha256:2788c32673a2ad0062bea850ab73cffc0dba874db10d7a3682b6f2f280553f20",
                "sha256:321d4d48be25b8d77594d8324c0585c80ae91ac214f62db9098734e5e7fb280f",
                "sha256:346d6f84ff0b493dbc90c6b77136df83e81f903f0b95525ee80e5e6d5e4eef84",
                "sha256:34dd60b90b0f6de94a89e71fcd19913a30e83091c8468d0923a93a0cccbfbbff",
                "sha256:3b4c23300c4eded8895442c003ae9b14328ae69309ac5867e7530de8bdd7875d",
                "sha256:43d1960e7db14042319c46925892d5fa99b08ff21d57482e6f5328a1aca03588",
                "sha256:49e96267cd9be55a349fd74f9852eb9ae2c427cd7f6455d0f1765d7332292832",
                "sha256:63e06ffdaf4054a89757a3a1ab07f1b922daf911743114a54f7c561b9e1baa58",
                "sha256:67ed1a374c9155ec0840214ce804616de49c3df9c5bc66740687c1c9b1cd9e8d",
                "sha256:6b662a5669186439f4f583636c8d6ea77cf92f7cfe6aae8d22edf16c36840574",
                "sha256:6efd9ca20aefbaf2e7e6817a2c6ed4a50ff6900fafdea1bcb1d0e9471743b144",
                "sha256:8569844a5d8e1fdde4d7712a05ab2e6061343ac34af6e7e3d7935b2bd1907bfd",
                "sha256:8629ea6a8a59f865add1d6a87464c3c676e60101b8d16ef404d0a031424a8491",
                "sha256:988cac675e25133d01a78f2286189c1f01974470817a33eaf4cfee573cfb72a5",
                "sha256:9a6fedda73aba1568962f7543a1f586051c54febbc74e87769bad6a4b8587c39",
                "sha256:9eced8962ce3b7124fe20fd358cf8c7470706437fa064b9874f849ad4c5866fc",
                "sha256:a005ed6163490988711ff732386b08effcbf8df62ae93dd1e5bda0714fad8afb",
                "sha256:ae35dbcb6b011af6c840893b32399252d81ff57d52c13e12422e16b5fea1d0fb",
                "sha256:b1e8491c6740f21b37cca77bc64677696a3fb9f32360794d57fa8477b7329eda",
                "sha256:c906bdb482162e9ef48eea9f8c0d967acceb5c84f2d25574c7d2a58d04861df1",
                "sha256:cb18ffdc861dbb244f14be32c47ab69604d0aca415bee53485fcea4f8e93d5ef",
                "sha256:cc2f24dc1c6c88c56248e93f28d439ee4018338567b0bbb490ea26a381a29b1e",
                "sha256:d860c7fff18d49e20339fc6dffc2d485635e36d4b2cccf58f45db815b64100b4",
                "sha256:d86da365dda59010ba0d1ac45aa78390f56bf7f992e65f70b3b081d5e5257b09",
                "sha256:e22f0997622e1ceec834fd25947dc2ee2962c2133ea693d61805bc867abaf7ea",
                "sha256:f2fe545d27a619a552396533cddf70d83cecd880a611cdfdbb87ca6aec52f66b",
                "sha256:f425e925485b3be48051f913dbe17e08e8c48588fdf44a26b8b14067041c0da6",
                "sha256:f7fd3ed3745fe6e81e28dc3b3d76cce31525a91f32a387e1febd6b982caf8cdb",
                "sha256:f9210820ee4818d84658ed7df16a7f30c9fba7d8b139959950acef91745cc0f7"
            ],
            "index": "pypi",
            "version": "==3.1.4"
        },
        "certifi": {
            "hashes": [
                "sha256:244be0d93b71e93fc0a0a479862051414d0e00e16435707e5bf5000f92e04694",
                "sha256:5ec74291ca1136b40f0379e1128ff80e866597e4e2c1e755739a913bbc3613c0"
            ],
            "index": "pypi",
            "version": "==2017.11.5"
        },
        "cffi": {
            "hashes": [
                "sha256:0640f12f04f257c4467075a804a4920a5d07ef91e11c525fc65d715c08231c81",
                "sha256:0fe3b3d571543a4065059d1d3d6d39f4ca6da0f2207ad13547094522e32ead46",
                "sha256:12cbf4c04c1ad07124bfc9e928c01e282feac9ec7dd72a18042d4fc56456289a",
                "sha256:5d0d7023b72794ea847725680e2156d1d01bc698a9007fccce46d03c904fe093",
                "sha256:678135090c311780382b1dd3f828f715583ea8a69687ed053c047d3cec6625d6",
                "sha256:69c37089ccf10692361c8d14dbf4138b00b46741ffe9628755054499f06ed548",
                "sha256:6c99d19225e3135f6190a3bfce2a614cae8eaa5dcaf9e0705d4ccb79a3959a3f",
                "sha256:6ca52651f6bd4b8647cb7dee15c82619de3e13490f8e0bc0620830a2245b51d1",
                "sha256:6d191fb20138fe1948727b20e7b96582b7b7e676135eabf72d910e10bf7bfa65",
                "sha256:796d0379102e6da5215acfcd20e8e69cca9d97309215b4ce088fe175b1c2f586",
                "sha256:7a831170b621e98f45ed1d5758325be19619a593924127a0a47af9a72a117319",
                "sha256:7d35678a54da0d3f1bc30e3a58a232043753d57c691875b5a75e4e062793bc9a",
                "sha256:824cac33906be5c8e976f0d950924d88ec058989ef9cd2f77f5cd53cec417635",
                "sha256:86903c0afab4a3390170aca61f753f5adad8ffff947030719ee44dedc5b68403",
                "sha256:87f837459c3c78d75cb4f5aadf08a7104db15e8c7618a5c732e60f252279c7a6",
                "sha256:89a8d05b96bdeca8fdc89c5fa9469a357d30f6c066262e92c0c8d2e4d3c53cae",
                "sha256:9532c5bc0108bd0fe43c0eb3faa2ef98a2db60fc0d4019f106b88d46803dd663",
                "sha256:96652215ef328262b5f1d5647632bd342ac6b31dfbc495b21f1ab27cb06d621d",
                "sha256:a183959a4b1e01d6172aeed356e2523ec8682596075aa6cf0003fe08da959a49",
                "sha256:a67c430a9bde73ae85b0c885fcf41b556760e42ea74c16dc70431a349989b448",
                "sha256:b3653644d6411bf4bd64c1f2ca3cb1b093f98c68439ade5cef328609bbfabf8c",
                "sha256:b8d1454ef627098dc76ccfd6211a08065e6f84efe3754d8d112049fec3768e71",
                "sha256:cd13f347235410c592f6e36395ee1c136a64b66534f10173bfa4df1dc88f47d0",
                "sha256:df9083a992b17a28cd4251a3f5c879e0198bb26c9e808c4647e0a18739f1d11d",
                "sha256:ec208ca16e57904dd7f4c7568665f80b1f7eb7e3214be014560c28def219060d",
                "sha256:f4719d0bafc5f0a67b2ec432086d40f653840698d41fa6e9afa679403dea9d78",
                "sha256:f4992cd7b4c867f453d44c213ee29e8fd484cf81cfece4b6e836d0982b6fa1cf"
            ],
            "index": "pypi",
            "version": "==1.11.4"
        },
        "django": {
            "hashes": [
                "sha256:7c3543e4fb070d14e10926189a7fcf42ba919263b7473dceaefce34d54e8a119",
                "sha256:a2814bffd1f007805b19194eb0b9a331933b82bd5da1c3ba3d7b7ba16e06dc4b"
            ],
            "index": "pypi",
            "version": "==2.2"
        },
        "django-autocomplete-light": {
            "hashes": [
                "sha256:5ccb1c8c4b75cf72bc5dabd920190ea1ca3a340f56fb6b12d07a62202837fa75"
            ],
            "index": "pypi",
            "version": "==3.2.10"
        },
        "django-bootstrap3": {
            "hashes": [
                "sha256:9f56fa30a2c32142a2785148816cc4e14e7efc8699c5f87a8cb5be162a81658d"
            ],
            "index": "pypi",
            "version": "==9.1.0"
        },
        "django-braces": {
            "hashes": [
                "sha256:7c5b91c75240ccf2eb124fe3b09dd4978e8f4d412b553bb791920bd55839159c",
                "sha256:7e0cb698f3cd17cc58d50aea4a663233f44228144b81d85e1b9bad05aa7f3f80"
            ],
            "index": "pypi",
            "version": "==1.12.0"
        },
        "django-debug-toolbar": {
            "hashes": [
                "sha256:84e2607d900dbd571df0a2acf380b47c088efb787dce9805aefeb407341961d2",
                "sha256:9e5a25d0c965f7e686f6a8ba23613ca9ca30184daa26487706d4829f5cfb697a"
            ],
            "index": "pypi",
            "version": "==3.2"
        },
        "django-easy-pdf": {
            "hashes": [
                "sha256:f7cb58e896791d28718219c54d2c8930e442fa1327817037e1c480bead77cddb"
            ],
            "index": "pypi",
            "version": "==0.1.1"
        },
        "django-widget-tweaks": {
            "hashes": [
                "sha256:0baee0b905286fde028fdbd0dd1d985d4656dab472b0fd4ca4cd556ee38a047e",
                "sha256:0e8e3b7ebd1aafb2250d0f7614cfbad27017b3c727858ee3aee23748dd1f147d"
            ],
            "index": "pypi",
            "version": "==1.4.1"
        },
        "djangorestframework": {
            "hashes": [
                "sha256:6d1d59f623a5ad0509fe0d6bfe93cbdfe17b8116ebc8eda86d45f6e16e819aaf",
                "sha256:f747949a8ddac876e879190df194b925c177cdeb725a099db1460872f7c0a7f2"
            ],
            "index": "pypi",
            "version": "==3.12.4"
        },
        "faker": {
            "hashes": [
                "sha256:225314932de94c282b096f6c3aac32db50119922747ac09a8350310da44241e5",
                "sha256:fe4bc214ba448ca52b20a0ee0ed16ded3e1ddce7874f2a95cd321d21e2e388d9"
            ],
            "index": "pypi",
            "version": "==8.0.0"
        },
        "future": {
            "hashes": [
                "sha256:b1bead90b70cf6ec3f0710ae53a525360fa360d306a86583adc6bf83a4db537d"
            ],
            "markers": "python_version >= '2.6' and python_version not in '3.0, 3.1, 3.2, 3.3'",
            "version": "==0.18.2"
        },
        "html5lib": {
            "hashes": [
                "sha256:0d78f8fde1c230e99fe37986a60526d7049ed4bf8a9fadbad5f00e22e58e041d",
                "sha256:b2e5b40261e20f354d198eae92afc10d750afb487ed5e50f9c4eaf07c184146f"
            ],
            "markers": "python_version >= '2.7' and python_version not in '3.0, 3.1, 3.2, 3.3, 3.4'",
            "version": "==1.1"
        },
        "pillow": {
            "hashes": [
                "sha256:0412516dcc9de9b0a1e0ae25a280015809de8270f134cc2c1e32c4eeb397cf30",
                "sha256:04835e68ef12904bc3e1fd002b33eea0779320d4346082bd5b24bec12ad9c3e9",
                "sha256:06d1adaa284696785375fa80a6a8eb309be722cf4ef8949518beb34487a3df71",
                "sha256:085a90a99404b859a4b6c3daa42afde17cb3ad3115e44a75f0d7b4a32f06a6c9",
                "sha256:0b9911ec70731711c3b6ebcde26caea620cbdd9dcb73c67b0730c8817f24711b",
                "sha256:10e00f7336780ca7d3653cf3ac26f068fa11b5a96894ea29a64d3dc4b810d630",
                "sha256:11c27e74bab423eb3c9232d97553111cc0be81b74b47165f07ebfdd29d825875",
                "sha256:11eb7f98165d56042545c9e6db3ce394ed8b45089a67124298f0473b29cb60b2",
                "sha256:13654b521fb98abdecec105ea3fb5ba863d1548c9b58831dd5105bb3873569f1",
                "sha256:15ccb81a6ffc57ea0137f9f3ac2737ffa1d11f786244d719639df17476d399a7",
                "sha256:18a07a683805d32826c09acfce44a90bf474e6a66ce482b1c7fcd3757d588df3",
                "sha256:19ec4cfe4b961edc249b0e04b5618666c23a83bc35842dea2bfd5dfa0157f81b",
                "sha256:1c3ff00110835bdda2b1e2b07f4a2548a39744bb7de5946dc8e95517c4fb2ca6",
                "sha256:27a330bf7014ee034046db43ccbb05c766aa9e70b8d6c5260bfc38d73103b0ba",
                "sha256:2b11c9d310a3522b0fd3c35667914271f570576a0e387701f370eb39d45f08a4",
                "sha256:2c661542c6f71dfd9dc82d9d29a8386287e82813b0375b3a02983feac69ef864",
                "sha256:2cde7a4d3687f21cffdf5bb171172070bb95e02af448c4c8b2f223d783214056",
                "sha256:2d5e9dc0bf1b5d9048a94c48d0813b6c96fccfa4ccf276d9c36308840f40c228",
                "sha256:2f23b2d3079522fdf3c09de6517f625f7a964f916c956527bed805ac043799b8",
                "sha256:35d27687f027ad25a8d0ef45dd5208ef044c588003cdcedf05afb00dbc5c2deb",
                "sha256:35d409030bf3bd05fa66fb5fdedc39c521b397f61ad04309c90444e893d05f7d",
                "sha256:4326ea1e2722f3dc00ed77c36d3b5354b8fb7399fb59230249ea6d59cbed90da",
                "sha256:4abc247b31a98f29e5224f2d31ef15f86a71f79c7f4d2ac345a5d551d6393073",
                "sha256:4d89a2e9219a526401015153c0e9dd48319ea6ab9fe3b066a20aa9aee23d9fd3",
                "sha256:4e59e99fd680e2b8b11bbd463f3c9450ab799305d5f2bafb74fefba6ac058616",
                "sha256:548794f99ff52a73a156771a0402f5e1c35285bd981046a502d7e4793e8facaa",
                "sha256:56fd98c8294f57636084f4b076b75f86c57b2a63a8410c0cd172bc93695ee979",
                "sha256:59697568a0455764a094585b2551fd76bfd6b959c9f92d4bdec9d0e14616303a",
                "sha256:6bff50ba9891be0a004ef48828e012babaaf7da204d81ab9be37480b9020a82b",
                "sha256:6cb3dd7f23b044b0737317f892d399f9e2f0b3a02b22b2c692851fb8120d82c6",
                "sha256:7dbfbc0020aa1d9bc1b0b8bcf255a7d73f4ad0336f8fd2533fcc54a4ccfb9441",
                "sha256:838eb85de6d9307c19c655c726f8d13b8b646f144ca6b3771fa62b711ebf7624",
                "sha256:8b68f565a4175e12e68ca900af8910e8fe48aaa48fd3ca853494f384e11c8bcd",
                "sha256:8f284dc1695caf71a74f24993b7c7473d77bc760be45f776a2c2f4e04c170550",
                "sha256:963ebdc5365d748185fdb06daf2ac758116deecb2277ec5ae98139f93844bc09",
                "sha256:a048dad5ed6ad1fad338c02c609b862dfaa921fcd065d747194a6805f91f2196",
                "sha256:a1bd983c565f92779be456ece2479840ec39d386007cd4ae83382646293d681b",
                "sha256:a66566f8a22561fc1a88dc87606c69b84fa9ce724f99522cf922c801ec68f5c1",
                "sha256:bcb04ff12e79b28be6c9988f275e7ab69f01cc2ba319fb3114f87817bb7c74b6",
                "sha256:bd24054aaf21e70a51e2a2a5ed1183560d3a69e6f9594a4bfe360a46f94eba83",
                "sha256:be25cb93442c6d2f8702c599b51184bd3ccd83adebd08886b682173e09ef0c3f",
                "sha256:c691b26283c3a31594683217d746f1dad59a7ae1d4cfc24626d7a064a11197d4",
                "sha256:cc9d0dec711c914ed500f1d0d3822868760954dce98dfb0b7382a854aee55d19",
                "sha256:ce2e5e04bb86da6187f96d7bab3f93a7877830981b37f0287dd6479e27a10341",
                "sha256:ce651ca46d0202c302a535d3047c55a0131a720cf554a578fc1b8a2aff0e7d96",
                "sha256:d0c8ebbfd439c37624db98f3877d9ed12c137cadd99dde2d2eae0dab0bbfc355",
                "sha256:d675a876b295afa114ca8bf42d7f86b5fb1298e1b6bb9a24405a3f6c8338811c",
                "sha256:dde3f3ed8d00c72631bc19cbfff8ad3b6215062a5eed402381ad365f82f0c18c",
                "sha256:e5a31c07cea5edbaeb4bdba6f2b87db7d3dc0f446f379d907e51cc70ea375629",
                "sha256:f514c2717012859ccb349c97862568fdc0479aad85b0270d6b5a6509dbc142e2",
                "sha256:fc0db32f7223b094964e71729c0361f93db43664dd1ec86d3df217853cedda87",
                "sha256:fd4fd83aa912d7b89b4b4a1580d30e2a4242f3936882a3f433586e5ab97ed0d5",
                "sha256:feb5db446e96bfecfec078b943cc07744cc759893cef045aa8b8b6d6aaa8274e"
            ],
            "index": "pypi",
            "version": "==8.3.2"
        },
        "psycopg2": {
            "hashes": [
                "sha256:00195b5f6832dbf2876b8bf77f12bdce648224c89c880719c745b90515233301",
                "sha256:068115e13c70dc5982dfc00c5d70437fe37c014c808acce119b5448361c03725",
                "sha256:26e7fd115a6db75267b325de0fba089b911a4a12ebd3d0b5e7acb7028bc46821",
                "sha256:2c93d4d16933fea5bbacbe1aaf8fa8c1348740b2e50b3735d1b0bf8154cbf0f3",
                "sha256:56007a226b8e95aa980ada7abdea6b40b75ce62a433bd27cec7a8178d57f4051",
                "sha256:56fee7f818d032f802b8eed81ef0c1232b8b42390df189cab9cfa87573fe52c5",
                "sha256:6a3d9efb6f36f1fe6aa8dbb5af55e067db802502c55a9defa47c5a1dad41df84",
                "sha256:a49833abfdede8985ba3f3ec641f771cca215479f41523e99dace96d5b8cce2a",
                "sha256:ad2fe8a37be669082e61fb001c185ffb58867fdbb3e7a6b0b0d2ffe232353a3e",
                "sha256:b8cae8b2f022efa1f011cc753adb9cbadfa5a184431d09b273fb49b4167561ad",
                "sha256:d160744652e81c80627a909a0e808f3c6653a40af435744de037e3172cf277f5",
                "sha256:d5062ae50b222da28253059880a871dc87e099c25cb68acf613d9d227413d6f7",
                "sha256:f22ea9b67aea4f4a1718300908a2fb62b3e4276cf00bd829a97ab5894af42ea3",
                "sha256:f974c96fca34ae9e4f49839ba6b78addf0346777b46c4da27a7bf54f48d3057d",
                "sha256:fb23f6c71107c37fd667cb4ea363ddeb936b348bbd6449278eb92c189699f543"
            ],
            "index": "pypi",
            "version": "==2.8.6"
        },
        "pycparser": {
            "hashes": [
                "sha256:99a8ca03e29851d96616ad0404b4aad7d9ee16f25c9f9708a11faf2810f7b226"
            ],
            "index": "pypi",
            "version": "==2.18"
        },
        "pypdf2": {
            "hashes": [
                "sha256:e28f902f2f0a1603ea95ebe21dff311ef09be3d0f0ef29a3e44a932729564385"
            ],
            "version": "==1.26.0"
        },
        "python-bidi": {
            "hashes": [
                "sha256:50eef6f6a0bbdd685f9e8c207f3c9050f5b578d0a46e37c76a9c4baea2cc2e13",
                "sha256:5347f71e82b3e9976dc657f09ded2bfe39ba8d6777ca81a5b2c56c30121c496e"
            ],
            "version": "==0.4.2"
        },
        "python-dateutil": {
            "hashes": [
                "sha256:891c38b2a02f5bb1be3e4793866c8df49c7d19baabf9c1bad62547e0b4866aca",
                "sha256:95511bae634d69bc7329ba55e646499a842bc4ec342ad54a8cdb65645a0aad3c"
            ],
            "index": "pypi",
            "version": "==2.6.1"
        },
        "python-dotenv": {
            "hashes": [
                "sha256:471b782da0af10da1a80341e8438fca5fadeba2881c54360d5fd8d03d03a4f4a",
                "sha256:49782a97c9d641e8a09ae1d9af0856cc587c8d2474919342d5104d85be9890b2"
            ],
            "index": "pypi",
            "version": "==0.17.0"
        },
        "pytz": {
            "hashes": [
                "sha256:59707844a9825589878236ff2f4e0dc9958511b7ffaae94dc615da07d4a68d33",
                "sha256:699d18a2a56f19ee5698ab1123bbcc1d269d061996aeb1eda6d89248d3542b82",
                "sha256:80af0f3008046b9975242012a985f04c5df1f01eed4ec1633d56cc47a75a6a48",
                "sha256:8cc90340159b5d7ced6f2ba77694d946fc975b09f1a51d93f3ce3bb399396f94",
                "sha256:c41c62827ce9cafacd6f2f7018e4f83a6f1986e87bfd000b8cfbd4ab5da95f1a",
                "sha256:d0ef5ef55ed3d37854320d4926b04a4cb42a2e88f71da9ddfdacfde8e364f027",
                "sha256:dd2e4ca6ce3785c8dd342d1853dd9052b19290d5bf66060846e5dc6b8d6667f7",
                "sha256:fae4cffc040921b8a2d60c6cf0b5d662c1190fe54d718271db4eb17d44a185b7",
                "sha256:feb2365914948b8620347784b6b6da356f31c9d03560259070b2f30cff3d469d"
            ],
            "index": "pypi",
            "version": "==2017.3"
        },
        "reportlab": {
            "hashes": [
                "sha256:00e9ffb955972a8f6a3a0d61a12231fcaf5e23ee238c98421d65fecc29bd88a1",
                "sha256:115177b3fc51209b5f50371735311c9a6cd9d260ffedbdce5fbc965645b7567c",
                "sha256:17130f034dae50aaf22fce2292e0077a0c2093ba4363211bcafb54418fb8dc09",
                "sha256:200bdfc327d5b06cb400ae86c972b579efe03a1fd8a2e8cb7a5d9aaa744e5adb",
                "sha256:496b28ef414d9a7734e07221c4386bb00f416a3aa276b9f349ed9a328c73ec23",
                "sha256:4bc378039f70141176f3d511d84bc1a172820d4d2edee4f9fcff52cde753dc08",
                "sha256:4f357b4c39b0fa0071de47e8be7af44e07f375d2e59e395daccb7fd13b275668",
                "sha256:57b39303e6dbe3de91e60a14269543ac058ac98a0ea6cf900f5403d9c226022f",
                "sha256:6472478e597ef4a8f5c621d811d08b7ef09fc5af5bc85c2cf4a4505a7164f8b8",
                "sha256:68f9324000cfc5570b5a59a92306691b5d655078a399f20bc72c2581fe903261",
                "sha256:69870e2bbf39b60ebe9a31b31324e249bf314bdc2798e46efc58c67db74b56cb",
                "sha256:6adb17ba89829d5e77fd81baac396f1af99241d7dfc121a065217334131662e7",
                "sha256:7c360aee2bdaa05c24cadddc2f10924961dc7cad125d8876b4d307c879b3b4e8",
                "sha256:7c4c8e87ef29714ccc7fa9764efe30d849cd38f8a9a1742ab7aedf8b5e23494d",
                "sha256:8a07672e86bf288ea3e55959d2e06d6c01320318662241f9b7a71c583e15e5b5",
                "sha256:9f583295f7dd523bf6e5619720677279dc7b9db22671573888f0591fc46b90b2",
                "sha256:b668433f32ac955a94633e58ed7800c06c00f9c46d3b99e2189b3d88dc3184c8",
                "sha256:b7a92564198c5a5ff4efdb83ace215c73343afb80d9379183bc736fea76edd6d",
                "sha256:bd52e1715c70a96a116a61c8477e586b3a46047c85581195bc74162b19b46286",
                "sha256:c7ddc9a6234267bbb52059b017ca22f59ffd7d41d545524cb85f68086a2cbb43",
                "sha256:c8586d72932b8e3bd50a5230d6f1cfbb85c2605bad34253c6d6fe757211b2bf7",
                "sha256:ce3d8e782e3776f19d3accc706aab85ff06caedb70a52016532bebacf5537567",
                "sha256:f3fd26f63c4a9033115707a8718154538a1cebfd6ec992f214e6423524450e3e"
            ],
            "markers": "python_version >= '2.7' and python_version < '4'",
            "version": "==3.6.1"
        },
        "six": {
            "hashes": [
                "sha256:70e8a77beed4562e7f14fe23a786b54f6296e34344c23bc42f07b15018ff98e9",
                "sha256:832dc0e10feb1aa2c68dcc57dbb658f1c7e65b9b61af69048abc87a2db00a0eb"
            ],
            "index": "pypi",
            "version": "==1.11.0"
        },
        "sqlparse": {
            "hashes": [
                "sha256:017cde379adbd6a1f15a61873f43e8274179378e95ef3fede90b5aa64d304ed0",
                "sha256:0f91fd2e829c44362cbcfab3e9ae12e22badaa8a29ad5ff599f9ec109f0454e8"
            ],
            "markers": "python_version >= '3.5'",
            "version": "==0.4.1"
        },
        "text-unidecode": {
            "hashes": [
                "sha256:1311f10e8b895935241623731c2ba64f4c455287888b18189350b67134a822e8",
                "sha256:bad6603bb14d279193107714b288be206cac565dfa49aa5b105294dd5c4aab93"
            ],
            "index": "pypi",
            "version": "==1.3"
        },
        "webencodings": {
            "hashes": [
                "sha256:a0af1213f3c2226497a97e2b3aa01a7e4bee4f403f95be16fc9acd2947514a78",
                "sha256:b36a1c245f2d304965eb4e0a82848379241dc04b865afcc4aab16748587e1923"
            ],
            "version": "==0.5.1"
        },
        "wincertstore": {
            "hashes": [
                "sha256:22d5eebb52df88a8d4014d5cf6d1b6c3a5d469e6c3b2e2854f3a003e48872356",
                "sha256:780bd1557c9185c15d9f4221ea7f905cb20b93f7151ca8ccaed9714dce4b327a"
            ],
            "index": "pypi",
            "version": "==0.2"
        },
        "xhtml2pdf": {
            "hashes": [
                "sha256:6797e974fac66f0efbe927c1539a2756ca4fe8777eaa5882bac132fc76b39421"
            ],
            "version": "==0.2.5"
        }
    },
    "develop": {}
}
